
Microsoft Visual Studio Solution File, Format Version 12.00
# Visual Studio 15
VisualStudioVersion = 15.0.28307.1082
MinimumVisualStudioVersion = 10.0.40219.1
Project("{FAE04EC0-301F-11D3-BF4B-00C04F79EFBC}") = "SuccessiveDotNetTests", "SuccessiveDotNetTests\SuccessiveDotNetTests.csproj", "{CF60F0E4-C971-4BCF-9245-7ED7516B2608}"
EndProject
Global
	GlobalSection(SolutionConfigurationPlatforms) = preSolution
		Debug|Any CPU = Debug|Any CPU
		Release|Any CPU = Release|Any CPU
	EndGlobalSection
	GlobalSection(ProjectConfigurationPlatforms) = postSolution
		{CF60F0E4-C971-4BCF-9245-7ED7516B2608}.Debug|Any CPU.ActiveCfg = Debug|Any CPU
		{CF60F0E4-C971-4BCF-9245-7ED7516B2608}.Debug|Any CPU.Build.0 = Debug|Any CPU
		{CF60F0E4-C971-4BCF-9245-7ED7516B2608}.Release|Any CPU.ActiveCfg = Release|Any CPU
		{CF60F0E4-C971-4BCF-9245-7ED7516B2608}.Release|Any CPU.Build.0 = Release|Any CPU
	EndGlobalSection
	GlobalSection(SolutionProperties) = preSolution
		HideSolutionNode = FALSE
	EndGlobalSection
	GlobalSection(ExtensibilityGlobals) = postSolution
		SolutionGuid = {DC792F91-1746-490F-90AD-71E6AAC5E025}
	EndGlobalSection
EndGlobal
